// !$*UTF8*$!
{
	archiveVersion = 1;
	classes = {
	};
	objectVersion = 46;
	objects = {

/* Begin PBXBuildFile section */
		76E1590E1D256C8700236D2D /* main.m in Sources */ = {isa = PBXBuildFile; fileRef = 76E1590D1D256C8700236D2D /* main.m */; };
		76E159111D256C8700236D2D /* AppDelegate.m in Sources */ = {isa = PBXBuildFile; fileRef = 76E159101D256C8700236D2D /* AppDelegate.m */; };
		76E159141D256C8700236D2D /* ViewController.m in Sources */ = {isa = PBXBuildFile; fileRef = 76E159131D256C8700236D2D /* ViewController.m */; };
		76E159171D256C8700236D2D /* Main.storyboard in Resources */ = {isa = PBXBuildFile; fileRef = 76E159151D256C8700236D2D /* Main.storyboard */; };
		76E159191D256C8700236D2D /* Assets.xcassets in Resources */ = {isa = PBXBuildFile; fileRef = 76E159181D256C8700236D2D /* Assets.xcassets */; };
		76E1591C1D256C8700236D2D /* LaunchScreen.storyboard in Resources */ = {isa = PBXBuildFile; fileRef = 76E1591A1D256C8700236D2D /* LaunchScreen.storyboard */; };
/* End PBXBuildFile section */

/* Begin PBXFileReference section */
		76E159091D256C8700236D2D /* PeerReview203.app */ = {isa = PBXFileReference; explicitFileType = wrapper.application; includeInIndex = 0; path = PeerReview203.app; sourceTree = BUILT_PRODUCTS_DIR; };
		76E1590D1D256C8700236D2D /* main.m */ = {isa = PBXFileReference; lastKnownFileType = sourcecode.c.objc; path = main.m; sourceTree = "<group>"; };
		76E1590F1D256C8700236D2D /* AppDelegate.h */ = {isa = PBXFileReference; lastKnownFileType = sourcecode.c.h; path = AppDelegate.h; sourceTree = "<group>"; };
		76E159101D256C8700236D2D /* AppDelegate.m */ = {isa = PBXFileReference; lastKnownFileType = sourcecode.c.objc; path = AppDelegate.m; sourceTree = "<group>"; };
		76E159121D256C8700236D2D /* ViewController.h */ = {isa = PBXFileReference; lastKnownFileType = sourcecode.c.h; path = ViewController.h; sourceTree = "<group>"; };
		76E159131D256C8700236D2D /* ViewController.m */ = {isa = PBXFileReference; lastKnownFileType = sourcecode.c.objc; path = ViewController.m; sourceTree = "<group>"; };
		76E159161D256C8700236D2D /* Base */ = {isa = PBXFileReference; lastKnownFileType = file.storyboard; name = Base; path = Base.lproj/Main.storyboard; sourceTree = "<group>"; };
		76E159181D256C8700236D2D /* Assets.xcassets */ = {isa = PBXFileReference; lastKnownFileType = folder.assetcatalog; path = Assets.xcassets; sourceTree = "<group>"; };
		76E1591B1D256C8700236D2D /* Base */ = {isa = PBXFileReference; lastKnownFileType = file.storyboard; name = Base; path = Base.lproj/LaunchScreen.storyboard; sourceTree = "<group>"; };
		76E1591D1D256C8700236D2D /* Info.plist */ = {isa = PBXFileReference; lastKnownFileType = text.plist.xml; path = Info.plist; sourceTree = "<group>"; };
/* End PBXFileReference section */

/* Begin PBXFrameworksBuildPhase section */
		76E159061D256C8700236D2D /* Frameworks */ = {
			isa = PBXFrameworksBuildPhase;
			buildActionMask = 2147483647;
			files = (
			);
			runOnlyForDeploymentPostprocessing = 0;
		};
/* End PBXFrameworksBuildPhase section */

/* Begin PBXGroup section */
		76E159001D256C8700236D2D = {
			isa = PBXGroup;
			children = (
				76E1590B1D256C8700236D2D /* PeerReview203 */,
				76E1590A1D256C8700236D2D /* Products */,
			);
			sourceTree = "<group>";
		};
		76E1590A1D256C8700236D2D /* Products */ = {
			isa = PBXGroup;
			children = (
				76E159091D256C8700236D2D /* PeerReview203.app */,
			);
			name = Products;
			sourceTree = "<group>";
		};
		76E1590B1D256C8700236D2D /* PeerReview203 */ = {
			isa = PBXGroup;
			children = (
				76E1590F1D256C8700236D2D /* AppDelegate.h */,
				76E159101D256C8700236D2D /* AppDelegate.m */,
				76E159121D256C8700236D2D /* ViewController.h */,
				76E159131D256C8700236D2D /* ViewController.m */,
				76E159151D256C8700236D2D /* Main.storyboard */,
				76E159181D256C8700236D2D /* Assets.xcassets */,
				76E1591A1D256C8700236D2D /* LaunchScreen.storyboard */,
				76E1591D1D256C8700236D2D /* Info.plist */,
				76E1590C1D256C8700236D2D /* Supporting Files */,
			);
			path = PeerReview203;
			sourceTree = "<group>";
		};
		76E1590C1D256C8700236D2D /* Supporting Files */ = {
			isa = PBXGroup;
			children = (
				76E1590D1D256C8700236D2D /* main.m */,
			);
			name = "Supporting Files";
			sourceTree = "<group>";
		};
/* End PBXGroup section */

/* Begin PBXNativeTarget section */
		76E159081D256C8700236D2D /* PeerReview203 */ = {
			isa = PBXNativeTarget;
			buildConfigurationList = 76E159201D256C8700236D2D /* Build configuration list for PBXNativeTarget "PeerReview203" */;
			buildPhases = (
				76E159051D256C8700236D2D /* Sources */,
				76E159061D256C8700236D2D /* Frameworks */,
				76E159071D256C8700236D2D /* Resources */,
			);
			buildRules = (
			);
			dependencies = (
			);
			name = PeerReview203;
			productName = PeerReview203;
			productReference = 76E159091D256C8700236D2D /* PeerReview203.app */;
			productType = "com.apple.product-type.application";
		};
/* End PBXNativeTarget section */

/* Begin PBXProject section */
		76E159011D256C8700236D2D /* Project object */ = {
			isa = PBXProject;
			attributes = {
				LastUpgradeCheck = 0720;
				ORGANIZATIONNAME = company.com;
				TargetAttributes = {
					76E159081D256C8700236D2D = {
						CreatedOnToolsVersion = 7.2;
					};
				};
			};
			buildConfigurationList = 76E159041D256C8700236D2D /* Build configuration list for PBXProject "PeerReview203" */;
			compatibilityVersion = "Xcode 3.2";
			developmentRegion = English;
			hasScannedForEncodings = 0;
			knownRegions = (
				en,
				Base,
			);
			mainGroup = 76E159001D256C8700236D2D;
			productRefGroup = 76E1590A1D256C8700236D2D /* Products */;
			projectDirPath = "";
			projectRoot = "";
			targets = (
				76E159081D256C8700236D2D /* PeerReview203 */,
			);
		};
/* End PBXProject section */

/* Begin PBXResourcesBuildPhase section */
		76E159071D256C8700236D2D /* Resources */ = {
			isa = PBXResourcesBuildPhase;
			buildActionMask = 2147483647;
			files = (
				76E1591C1D256C8700236D2D /* LaunchScreen.storyboard in Resources */,
				76E159191D256C8700236D2D /* Assets.xcassets in Resources */,
				76E159171D256C8700236D2D /* Main.storyboard in Resources */,
			);
			runOnlyForDeploymentPostprocessing = 0;
		};
/* End PBXResourcesBuildPhase section */

/* Begin PBXSourcesBuildPhase section */
		76E159051D256C8700236D2D /* Sources */ = {
			isa = PBXSourcesBuildPhase;
			buildActionMask = 2147483647;
			files = (
				76E159141D256C8700236D2D /* ViewController.m in Sources */,
				76E159111D256C8700236D2D /* AppDelegate.m in Sources */,
				76E1590E1D256C8700236D2D /* main.m in Sources */,
			);
			runOnlyForDeploymentPostprocessing = 0;
		};
/* End PBXSourcesBuildPhase section */

/* Begin PBXVariantGroup section */
		76E159151D256C8700236D2D /* Main.storyboard */ = {
			isa = PBXVariantGroup;
			children = (
				76E159161D256C8700236D2D /* Base */,
			);
			name = Main.storyboard;
			sourceTree = "<group>";
		};
		76E1591A1D256C8700236D2D /* LaunchScreen.storyboard */ = {
			isa = PBXVariantGroup;
			children = (
				76E1591B1D256C8700236D2D /* Base */,
			);
			name = LaunchScreen.storyboard;
			sourceTree = "<group>";
		};
/* End PBXVariantGroup section */

/* Begin XCBuildConfiguration section */
		76E1591E1D256C8700236D2D /* Debug */ = {
			isa = XCBuildConfiguration;
			buildSettings = {
				ALWAYS_SEARCH_USER_PATHS = NO;
				CLANG_CXX_LANGUAGE_STANDARD = "gnu++0x";
				CLANG_CXX_LIBRARY = "libc++";
				CLANG_ENABLE_MODULES = YES;
				CLANG_ENABLE_OBJC_ARC = YES;
				CLANG_WARN_BOOL_CONVERSION = YES;
				CLANG_WARN_CONSTANT_CONVERSION = YES;
				CLANG_WARN_DIRECT_OBJC_ISA_USAGE = YES_ERROR;
				CLANG_WARN_EMPTY_BODY = YES;
				CLANG_WARN_ENUM_CONVERSION = YES;
				CLANG_WARN_INT_CONVERSION = YES;
				CLANG_WARN_OBJC_ROOT_CLASS = YES_ERROR;
				CLANG_WARN_UNREACHABLE_CODE = YES;
				CLANG_WARN__DUPLICATE_METHOD_MATCH = YES;
				"CODE_SIGN_IDENTITY[sdk=iphoneos*]" = "iPhone Developer";
				COPY_PHASE_STRIP = NO;
				DEBUG_INFORMATION_FORMAT = dwarf;
				ENABLE_STRICT_OBJC_MSGSEND = YES;
				ENABLE_TESTABILITY = YES;
				GCC_C_LANGUAGE_STANDARD = gnu99;
				GCC_DYNAMIC_NO_PIC = NO;
				GCC_NO_COMMON_BLOCKS = YES;
				GCC_OPTIMIZATION_LEVEL = 0;
				GCC_PREPROCESSOR_DEFINITIONS = (
					"DEBUG=1",
					"$(inherited)",
				);
				GCC_WARN_64_TO_32_BIT_CONVERSION = YES;
				GCC_WARN_ABOUT_RETURN_TYPE = YES_ERROR;
				GCC_WARN_UNDECLARED_SELECTOR = YES;
				GCC_WARN_UNINITIALIZED_AUTOS = YES_AGGRESSIVE;
				GCC_WARN_UNUSED_FUNCTION = YES;
				GCC_WARN_UNUSED_VARIABLE = YES;
				IPHONEOS_DEPLOYMENT_TARGET = 9.2;
				MTL_ENABLE_DEBUG_INFO = YES;
				ONLY_ACTIVE_ARCH = YES;
				SDKROOT = iphoneos;
			};
			name = Debug;
		};
		76E1591F1D256C8700236D2D /* Release */ = {
			isa = XCBuildConfiguration;
			buildSettings = {
				ALWAYS_SEARCH_USER_PATHS = NO;
				CLANG_CXX_LANGUAGE_STANDARD = "gnu++0x";
				CLANG_CXX_LIBRARY = "libc++";
				CLANG_ENABLE_MODULES = YES;
				CLANG_ENABLE_OBJC_ARC = YES;
				CLANG_WARN_BOOL_CONVERSION = YES;
				CLANG_WARN_CONSTANT_CONVERSION = YES;
				CLANG_WARN_DIRECT_OBJC_ISA_USAGE = YES_ERROR;
				CLANG_WARN_EMPTY_BODY = YES;
				CLANG_WARN_ENUM_CONVERSION = YES;
				CLANG_WARN_INT_CONVERSION = YES;
				CLANG_WARN_OBJC_ROOT_CLASS = YES_ERROR;
				CLANG_WARN_UNREACHABLE_CODE = YES;
				CLANG_WARN__DUPLICATE_METHOD_MATCH = YES;
				"CODE_SIGN_IDENTITY[sdk=iphoneos*]" = "iPhone Developer";
				COPY_PHASE_STRIP = NO;
				DEBUG_INFORMATION_FORMAT = "dwarf-with-dsym";
				ENABLE_NS_ASSERTIONS = NO;
				ENABLE_STRICT_OBJC_MSGSEND = YES;
				GCC_C_LANGUAGE_STANDARD = gnu99;
				GCC_NO_COMMON_BLOCKS = YES;
				GCC_WARN_64_TO_32_BIT_CONVERSION = YES;
				GCC_WARN_ABOUT_RETURN_TYPE = YES_ERROR;
				GCC_WARN_UNDECLARED_SELECTOR = YES;
				GCC_WARN_UNINITIALIZED_AUTOS = YES_AGGRESSIVE;
				GCC_WARN_UNUSED_FUNCTION = YES;
				GCC_WARN_UNUSED_VARIABLE = YES;
				IPHONEOS_DEPLOYMENT_TARGET = 9.2;
				MTL_ENABLE_DEBUG_INFO = NO;
				SDKROOT = iphoneos;
				VALIDATE_PRODUCT = YES;
			};
			name = Release;
		};
		76E159211D256C8700236D2D /* Debug */ = {
			isa = XCBuildConfiguration;
			buildSettings = {
				ASSETCATALOG_COMPILER_APPICON_NAME = AppIcon;
				INFOPLIST_FILE = PeerReview203/Info.plist;
				LD_RUNPATH_SEARCH_PATHS = "$(inherited) @executable_path/Frameworks";
				PRODUCT_BUNDLE_IDENTIFIER = com.company.PeerReview203;
				PRODUCT_NAME = "$(TARGET_NAME)";
			};
			name = Debug;
		};
		76E159221D256C8700236D2D /* Release */ = {
			isa = XCBuildConfiguration;
			buildSettings = {
				ASSETCATALOG_COMPILER_APPICON_NAME = AppIcon;
				INFOPLIST_FILE = PeerReview203/Info.plist;
				LD_RUNPATH_SEARCH_PATHS = "$(inherited) @executable_path/Frameworks";
				PRODUCT_BUNDLE_IDENTIFIER = com.company.PeerReview203;
				PRODUCT_NAME = "$(TARGET_NAME)";
			};
			name = Release;
		};
/* End XCBuildConfiguration section */

/* Begin XCConfigurationList section */
		76E159041D256C8700236D2D /* Build configuration list for PBXProject "PeerReview203" */ = {
			isa = XCConfigurationList;
			buildConfigurations = (
				76E1591E1D256C8700236D2D /* Debug */,
				76E1591F1D256C8700236D2D /* Release */,
			);
			defaultConfigurationIsVisible = 0;
			defaultConfigurationName = Release;
		};
		76E159201D256C8700236D2D /* Build configuration list for PBXNativeTarget "PeerReview203" */ = {
			isa = XCConfigurationList;
			buildConfigurations = (
				76E159211D256C8700236D2D /* Debug */,
				76E159221D256C8700236D2D /* Release */,
			);
			defaultConfigurationIsVisible = 0;
		};
/* End XCConfigurationList section */
	};
	rootObject = 76E159011D256C8700236D2D /* Project object */;
}
