// !$*UTF8*$!
{
	archiveVersion = 1;
	classes = {
	};
	objectVersion = 46;
	objects = {

/* Begin PBXBuildFile section */
		76568AF31D3F8A4000F835DF /* MapKit.framework in Frameworks */ = {isa = PBXBuildFile; fileRef = 76568AF21D3F8A4000F835DF /* MapKit.framework */; };
		7665DCEF1D3F88EF0037C67A /* main.m in Sources */ = {isa = PBXBuildFile; fileRef = 7665DCEE1D3F88EF0037C67A /* main.m */; };
		7665DCF21D3F88EF0037C67A /* AppDelegate.m in Sources */ = {isa = PBXBuildFile; fileRef = 7665DCF11D3F88EF0037C67A /* AppDelegate.m */; };
		7665DCF51D3F88EF0037C67A /* ViewController.m in Sources */ = {isa = PBXBuildFile; fileRef = 7665DCF41D3F88EF0037C67A /* ViewController.m */; };
		7665DCF81D3F88EF0037C67A /* Main.storyboard in Resources */ = {isa = PBXBuildFile; fileRef = 7665DCF61D3F88EF0037C67A /* Main.storyboard */; };
		7665DCFA1D3F88EF0037C67A /* Assets.xcassets in Resources */ = {isa = PBXBuildFile; fileRef = 7665DCF91D3F88EF0037C67A /* Assets.xcassets */; };
		7665DCFD1D3F88EF0037C67A /* LaunchScreen.storyboard in Resources */ = {isa = PBXBuildFile; fileRef = 7665DCFB1D3F88EF0037C67A /* LaunchScreen.storyboard */; };
/* End PBXBuildFile section */

/* Begin PBXFileReference section */
		76568AF21D3F8A4000F835DF /* MapKit.framework */ = {isa = PBXFileReference; lastKnownFileType = wrapper.framework; name = MapKit.framework; path = System/Library/Frameworks/MapKit.framework; sourceTree = SDKROOT; };
		7665DCEA1D3F88EF0037C67A /* PeerReview401_PracticeMod2.app */ = {isa = PBXFileReference; explicitFileType = wrapper.application; includeInIndex = 0; path = PeerReview401_PracticeMod2.app; sourceTree = BUILT_PRODUCTS_DIR; };
		7665DCEE1D3F88EF0037C67A /* main.m */ = {isa = PBXFileReference; lastKnownFileType = sourcecode.c.objc; path = main.m; sourceTree = "<group>"; };
		7665DCF01D3F88EF0037C67A /* AppDelegate.h */ = {isa = PBXFileReference; lastKnownFileType = sourcecode.c.h; path = AppDelegate.h; sourceTree = "<group>"; };
		7665DCF11D3F88EF0037C67A /* AppDelegate.m */ = {isa = PBXFileReference; lastKnownFileType = sourcecode.c.objc; path = AppDelegate.m; sourceTree = "<group>"; };
		7665DCF31D3F88EF0037C67A /* ViewController.h */ = {isa = PBXFileReference; lastKnownFileType = sourcecode.c.h; path = ViewController.h; sourceTree = "<group>"; };
		7665DCF41D3F88EF0037C67A /* ViewController.m */ = {isa = PBXFileReference; lastKnownFileType = sourcecode.c.objc; path = ViewController.m; sourceTree = "<group>"; };
		7665DCF71D3F88EF0037C67A /* Base */ = {isa = PBXFileReference; lastKnownFileType = file.storyboard; name = Base; path = Base.lproj/Main.storyboard; sourceTree = "<group>"; };
		7665DCF91D3F88EF0037C67A /* Assets.xcassets */ = {isa = PBXFileReference; lastKnownFileType = folder.assetcatalog; path = Assets.xcassets; sourceTree = "<group>"; };
		7665DCFC1D3F88EF0037C67A /* Base */ = {isa = PBXFileReference; lastKnownFileType = file.storyboard; name = Base; path = Base.lproj/LaunchScreen.storyboard; sourceTree = "<group>"; };
		7665DCFE1D3F88EF0037C67A /* Info.plist */ = {isa = PBXFileReference; lastKnownFileType = text.plist.xml; path = Info.plist; sourceTree = "<group>"; };
/* End PBXFileReference section */

/* Begin PBXFrameworksBuildPhase section */
		7665DCE71D3F88EF0037C67A /* Frameworks */ = {
			isa = PBXFrameworksBuildPhase;
			buildActionMask = 2147483647;
			files = (
				76568AF31D3F8A4000F835DF /* MapKit.framework in Frameworks */,
			);
			runOnlyForDeploymentPostprocessing = 0;
		};
/* End PBXFrameworksBuildPhase section */

/* Begin PBXGroup section */
		7665DCE11D3F88EF0037C67A = {
			isa = PBXGroup;
			children = (
				76568AF21D3F8A4000F835DF /* MapKit.framework */,
				7665DCEC1D3F88EF0037C67A /* PeerReview401_PracticeMod2 */,
				7665DCEB1D3F88EF0037C67A /* Products */,
			);
			sourceTree = "<group>";
		};
		7665DCEB1D3F88EF0037C67A /* Products */ = {
			isa = PBXGroup;
			children = (
				7665DCEA1D3F88EF0037C67A /* PeerReview401_PracticeMod2.app */,
			);
			name = Products;
			sourceTree = "<group>";
		};
		7665DCEC1D3F88EF0037C67A /* PeerReview401_PracticeMod2 */ = {
			isa = PBXGroup;
			children = (
				7665DCF01D3F88EF0037C67A /* AppDelegate.h */,
				7665DCF11D3F88EF0037C67A /* AppDelegate.m */,
				7665DCF31D3F88EF0037C67A /* ViewController.h */,
				7665DCF41D3F88EF0037C67A /* ViewController.m */,
				7665DCF61D3F88EF0037C67A /* Main.storyboard */,
				7665DCF91D3F88EF0037C67A /* Assets.xcassets */,
				7665DCFB1D3F88EF0037C67A /* LaunchScreen.storyboard */,
				7665DCFE1D3F88EF0037C67A /* Info.plist */,
				7665DCED1D3F88EF0037C67A /* Supporting Files */,
			);
			path = PeerReview401_PracticeMod2;
			sourceTree = "<group>";
		};
		7665DCED1D3F88EF0037C67A /* Supporting Files */ = {
			isa = PBXGroup;
			children = (
				7665DCEE1D3F88EF0037C67A /* main.m */,
			);
			name = "Supporting Files";
			sourceTree = "<group>";
		};
/* End PBXGroup section */

/* Begin PBXNativeTarget section */
		7665DCE91D3F88EF0037C67A /* PeerReview401_PracticeMod2 */ = {
			isa = PBXNativeTarget;
			buildConfigurationList = 7665DD011D3F88EF0037C67A /* Build configuration list for PBXNativeTarget "PeerReview401_PracticeMod2" */;
			buildPhases = (
				7665DCE61D3F88EF0037C67A /* Sources */,
				7665DCE71D3F88EF0037C67A /* Frameworks */,
				7665DCE81D3F88EF0037C67A /* Resources */,
			);
			buildRules = (
			);
			dependencies = (
			);
			name = PeerReview401_PracticeMod2;
			productName = PeerReview401_PracticeMod2;
			productReference = 7665DCEA1D3F88EF0037C67A /* PeerReview401_PracticeMod2.app */;
			productType = "com.apple.product-type.application";
		};
/* End PBXNativeTarget section */

/* Begin PBXProject section */
		7665DCE21D3F88EF0037C67A /* Project object */ = {
			isa = PBXProject;
			attributes = {
				LastUpgradeCheck = 0720;
				ORGANIZATIONNAME = company.com;
				TargetAttributes = {
					7665DCE91D3F88EF0037C67A = {
						CreatedOnToolsVersion = 7.2;
					};
				};
			};
			buildConfigurationList = 7665DCE51D3F88EF0037C67A /* Build configuration list for PBXProject "PeerReview401_PracticeMod2" */;
			compatibilityVersion = "Xcode 3.2";
			developmentRegion = English;
			hasScannedForEncodings = 0;
			knownRegions = (
				en,
				Base,
			);
			mainGroup = 7665DCE11D3F88EF0037C67A;
			productRefGroup = 7665DCEB1D3F88EF0037C67A /* Products */;
			projectDirPath = "";
			projectRoot = "";
			targets = (
				7665DCE91D3F88EF0037C67A /* PeerReview401_PracticeMod2 */,
			);
		};
/* End PBXProject section */

/* Begin PBXResourcesBuildPhase section */
		7665DCE81D3F88EF0037C67A /* Resources */ = {
			isa = PBXResourcesBuildPhase;
			buildActionMask = 2147483647;
			files = (
				7665DCFD1D3F88EF0037C67A /* LaunchScreen.storyboard in Resources */,
				7665DCFA1D3F88EF0037C67A /* Assets.xcassets in Resources */,
				7665DCF81D3F88EF0037C67A /* Main.storyboard in Resources */,
			);
			runOnlyForDeploymentPostprocessing = 0;
		};
/* End PBXResourcesBuildPhase section */

/* Begin PBXSourcesBuildPhase section */
		7665DCE61D3F88EF0037C67A /* Sources */ = {
			isa = PBXSourcesBuildPhase;
			buildActionMask = 2147483647;
			files = (
				7665DCF51D3F88EF0037C67A /* ViewController.m in Sources */,
				7665DCF21D3F88EF0037C67A /* AppDelegate.m in Sources */,
				7665DCEF1D3F88EF0037C67A /* main.m in Sources */,
			);
			runOnlyForDeploymentPostprocessing = 0;
		};
/* End PBXSourcesBuildPhase section */

/* Begin PBXVariantGroup section */
		7665DCF61D3F88EF0037C67A /* Main.storyboard */ = {
			isa = PBXVariantGroup;
			children = (
				7665DCF71D3F88EF0037C67A /* Base */,
			);
			name = Main.storyboard;
			sourceTree = "<group>";
		};
		7665DCFB1D3F88EF0037C67A /* LaunchScreen.storyboard */ = {
			isa = PBXVariantGroup;
			children = (
				7665DCFC1D3F88EF0037C67A /* Base */,
			);
			name = LaunchScreen.storyboard;
			sourceTree = "<group>";
		};
/* End PBXVariantGroup section */

/* Begin XCBuildConfiguration section */
		7665DCFF1D3F88EF0037C67A /* Debug */ = {
			isa = XCBuildConfiguration;
			buildSettings = {
				ALWAYS_SEARCH_USER_PATHS = NO;
				CLANG_CXX_LANGUAGE_STANDARD = "gnu++0x";
				CLANG_CXX_LIBRARY = "libc++";
				CLANG_ENABLE_MODULES = YES;
				CLANG_ENABLE_OBJC_ARC = YES;
				CLANG_WARN_BOOL_CONVERSION = YES;
				CLANG_WARN_CONSTANT_CONVERSION = YES;
				CLANG_WARN_DIRECT_OBJC_ISA_USAGE = YES_ERROR;
				CLANG_WARN_EMPTY_BODY = YES;
				CLANG_WARN_ENUM_CONVERSION = YES;
				CLANG_WARN_INT_CONVERSION = YES;
				CLANG_WARN_OBJC_ROOT_CLASS = YES_ERROR;
				CLANG_WARN_UNREACHABLE_CODE = YES;
				CLANG_WARN__DUPLICATE_METHOD_MATCH = YES;
				"CODE_SIGN_IDENTITY[sdk=iphoneos*]" = "iPhone Developer";
				COPY_PHASE_STRIP = NO;
				DEBUG_INFORMATION_FORMAT = dwarf;
				ENABLE_STRICT_OBJC_MSGSEND = YES;
				ENABLE_TESTABILITY = YES;
				GCC_C_LANGUAGE_STANDARD = gnu99;
				GCC_DYNAMIC_NO_PIC = NO;
				GCC_NO_COMMON_BLOCKS = YES;
				GCC_OPTIMIZATION_LEVEL = 0;
				GCC_PREPROCESSOR_DEFINITIONS = (
					"DEBUG=1",
					"$(inherited)",
				);
				GCC_WARN_64_TO_32_BIT_CONVERSION = YES;
				GCC_WARN_ABOUT_RETURN_TYPE = YES_ERROR;
				GCC_WARN_UNDECLARED_SELECTOR = YES;
				GCC_WARN_UNINITIALIZED_AUTOS = YES_AGGRESSIVE;
				GCC_WARN_UNUSED_FUNCTION = YES;
				GCC_WARN_UNUSED_VARIABLE = YES;
				IPHONEOS_DEPLOYMENT_TARGET = 9.2;
				MTL_ENABLE_DEBUG_INFO = YES;
				ONLY_ACTIVE_ARCH = YES;
				SDKROOT = iphoneos;
				TARGETED_DEVICE_FAMILY = "1,2";
			};
			name = Debug;
		};
		7665DD001D3F88EF0037C67A /* Release */ = {
			isa = XCBuildConfiguration;
			buildSettings = {
				ALWAYS_SEARCH_USER_PATHS = NO;
				CLANG_CXX_LANGUAGE_STANDARD = "gnu++0x";
				CLANG_CXX_LIBRARY = "libc++";
				CLANG_ENABLE_MODULES = YES;
				CLANG_ENABLE_OBJC_ARC = YES;
				CLANG_WARN_BOOL_CONVERSION = YES;
				CLANG_WARN_CONSTANT_CONVERSION = YES;
				CLANG_WARN_DIRECT_OBJC_ISA_USAGE = YES_ERROR;
				CLANG_WARN_EMPTY_BODY = YES;
				CLANG_WARN_ENUM_CONVERSION = YES;
				CLANG_WARN_INT_CONVERSION = YES;
				CLANG_WARN_OBJC_ROOT_CLASS = YES_ERROR;
				CLANG_WARN_UNREACHABLE_CODE = YES;
				CLANG_WARN__DUPLICATE_METHOD_MATCH = YES;
				"CODE_SIGN_IDENTITY[sdk=iphoneos*]" = "iPhone Developer";
				COPY_PHASE_STRIP = NO;
				DEBUG_INFORMATION_FORMAT = "dwarf-with-dsym";
				ENABLE_NS_ASSERTIONS = NO;
				ENABLE_STRICT_OBJC_MSGSEND = YES;
				GCC_C_LANGUAGE_STANDARD = gnu99;
				GCC_NO_COMMON_BLOCKS = YES;
				GCC_WARN_64_TO_32_BIT_CONVERSION = YES;
				GCC_WARN_ABOUT_RETURN_TYPE = YES_ERROR;
				GCC_WARN_UNDECLARED_SELECTOR = YES;
				GCC_WARN_UNINITIALIZED_AUTOS = YES_AGGRESSIVE;
				GCC_WARN_UNUSED_FUNCTION = YES;
				GCC_WARN_UNUSED_VARIABLE = YES;
				IPHONEOS_DEPLOYMENT_TARGET = 9.2;
				MTL_ENABLE_DEBUG_INFO = NO;
				SDKROOT = iphoneos;
				TARGETED_DEVICE_FAMILY = "1,2";
				VALIDATE_PRODUCT = YES;
			};
			name = Release;
		};
		7665DD021D3F88EF0037C67A /* Debug */ = {
			isa = XCBuildConfiguration;
			buildSettings = {
				ASSETCATALOG_COMPILER_APPICON_NAME = AppIcon;
				INFOPLIST_FILE = PeerReview401_PracticeMod2/Info.plist;
				LD_RUNPATH_SEARCH_PATHS = "$(inherited) @executable_path/Frameworks";
				PRODUCT_BUNDLE_IDENTIFIER = "com.company.PeerReview401-PracticeMod2";
				PRODUCT_NAME = "$(TARGET_NAME)";
			};
			name = Debug;
		};
		7665DD031D3F88EF0037C67A /* Release */ = {
			isa = XCBuildConfiguration;
			buildSettings = {
				ASSETCATALOG_COMPILER_APPICON_NAME = AppIcon;
				INFOPLIST_FILE = PeerReview401_PracticeMod2/Info.plist;
				LD_RUNPATH_SEARCH_PATHS = "$(inherited) @executable_path/Frameworks";
				PRODUCT_BUNDLE_IDENTIFIER = "com.company.PeerReview401-PracticeMod2";
				PRODUCT_NAME = "$(TARGET_NAME)";
			};
			name = Release;
		};
/* End XCBuildConfiguration section */

/* Begin XCConfigurationList section */
		7665DCE51D3F88EF0037C67A /* Build configuration list for PBXProject "PeerReview401_PracticeMod2" */ = {
			isa = XCConfigurationList;
			buildConfigurations = (
				7665DCFF1D3F88EF0037C67A /* Debug */,
				7665DD001D3F88EF0037C67A /* Release */,
			);
			defaultConfigurationIsVisible = 0;
			defaultConfigurationName = Release;
		};
		7665DD011D3F88EF0037C67A /* Build configuration list for PBXNativeTarget "PeerReview401_PracticeMod2" */ = {
			isa = XCConfigurationList;
			buildConfigurations = (
				7665DD021D3F88EF0037C67A /* Debug */,
				7665DD031D3F88EF0037C67A /* Release */,
			);
			defaultConfigurationIsVisible = 0;
			defaultConfigurationName = Release;
		};
/* End XCConfigurationList section */
	};
	rootObject = 7665DCE21D3F88EF0037C67A /* Project object */;
}
