// !$*UTF8*$!
{
	archiveVersion = 1;
	classes = {
	};
	objectVersion = 46;
	objects = {

/* Begin PBXBuildFile section */
		765A87C21D32F25D006CFB05 /* main.m in Sources */ = {isa = PBXBuildFile; fileRef = 765A87C11D32F25D006CFB05 /* main.m */; };
		765A87C51D32F25D006CFB05 /* AppDelegate.m in Sources */ = {isa = PBXBuildFile; fileRef = 765A87C41D32F25D006CFB05 /* AppDelegate.m */; };
		765A87C81D32F25D006CFB05 /* ViewController.m in Sources */ = {isa = PBXBuildFile; fileRef = 765A87C71D32F25D006CFB05 /* ViewController.m */; };
		765A87CB1D32F25D006CFB05 /* Main.storyboard in Resources */ = {isa = PBXBuildFile; fileRef = 765A87C91D32F25D006CFB05 /* Main.storyboard */; };
		765A87CD1D32F25D006CFB05 /* Assets.xcassets in Resources */ = {isa = PBXBuildFile; fileRef = 765A87CC1D32F25D006CFB05 /* Assets.xcassets */; };
		765A87D01D32F25D006CFB05 /* LaunchScreen.storyboard in Resources */ = {isa = PBXBuildFile; fileRef = 765A87CE1D32F25D006CFB05 /* LaunchScreen.storyboard */; };
		765A87E51D32FB5A006CFB05 /* CustomTableViewCell.m in Sources */ = {isa = PBXBuildFile; fileRef = 765A87E41D32FB5A006CFB05 /* CustomTableViewCell.m */; };
/* End PBXBuildFile section */

/* Begin PBXFileReference section */
		765A87BD1D32F25D006CFB05 /* PeerReview304_PracticeMod6.app */ = {isa = PBXFileReference; explicitFileType = wrapper.application; includeInIndex = 0; path = PeerReview304_PracticeMod6.app; sourceTree = BUILT_PRODUCTS_DIR; };
		765A87C11D32F25D006CFB05 /* main.m */ = {isa = PBXFileReference; lastKnownFileType = sourcecode.c.objc; path = main.m; sourceTree = "<group>"; };
		765A87C31D32F25D006CFB05 /* AppDelegate.h */ = {isa = PBXFileReference; lastKnownFileType = sourcecode.c.h; path = AppDelegate.h; sourceTree = "<group>"; };
		765A87C41D32F25D006CFB05 /* AppDelegate.m */ = {isa = PBXFileReference; lastKnownFileType = sourcecode.c.objc; path = AppDelegate.m; sourceTree = "<group>"; };
		765A87C61D32F25D006CFB05 /* ViewController.h */ = {isa = PBXFileReference; lastKnownFileType = sourcecode.c.h; path = ViewController.h; sourceTree = "<group>"; };
		765A87C71D32F25D006CFB05 /* ViewController.m */ = {isa = PBXFileReference; lastKnownFileType = sourcecode.c.objc; path = ViewController.m; sourceTree = "<group>"; };
		765A87CA1D32F25D006CFB05 /* Base */ = {isa = PBXFileReference; lastKnownFileType = file.storyboard; name = Base; path = Base.lproj/Main.storyboard; sourceTree = "<group>"; };
		765A87CC1D32F25D006CFB05 /* Assets.xcassets */ = {isa = PBXFileReference; lastKnownFileType = folder.assetcatalog; path = Assets.xcassets; sourceTree = "<group>"; };
		765A87CF1D32F25D006CFB05 /* Base */ = {isa = PBXFileReference; lastKnownFileType = file.storyboard; name = Base; path = Base.lproj/LaunchScreen.storyboard; sourceTree = "<group>"; };
		765A87D11D32F25D006CFB05 /* Info.plist */ = {isa = PBXFileReference; lastKnownFileType = text.plist.xml; path = Info.plist; sourceTree = "<group>"; };
		765A87E31D32FB5A006CFB05 /* CustomTableViewCell.h */ = {isa = PBXFileReference; fileEncoding = 4; lastKnownFileType = sourcecode.c.h; path = CustomTableViewCell.h; sourceTree = "<group>"; };
		765A87E41D32FB5A006CFB05 /* CustomTableViewCell.m */ = {isa = PBXFileReference; fileEncoding = 4; lastKnownFileType = sourcecode.c.objc; path = CustomTableViewCell.m; sourceTree = "<group>"; };
/* End PBXFileReference section */

/* Begin PBXFrameworksBuildPhase section */
		765A87BA1D32F25D006CFB05 /* Frameworks */ = {
			isa = PBXFrameworksBuildPhase;
			buildActionMask = 2147483647;
			files = (
			);
			runOnlyForDeploymentPostprocessing = 0;
		};
/* End PBXFrameworksBuildPhase section */

/* Begin PBXGroup section */
		765A87B41D32F25D006CFB05 = {
			isa = PBXGroup;
			children = (
				765A87BF1D32F25D006CFB05 /* PeerReview304_PracticeMod6 */,
				765A87BE1D32F25D006CFB05 /* Products */,
			);
			sourceTree = "<group>";
		};
		765A87BE1D32F25D006CFB05 /* Products */ = {
			isa = PBXGroup;
			children = (
				765A87BD1D32F25D006CFB05 /* PeerReview304_PracticeMod6.app */,
			);
			name = Products;
			sourceTree = "<group>";
		};
		765A87BF1D32F25D006CFB05 /* PeerReview304_PracticeMod6 */ = {
			isa = PBXGroup;
			children = (
				765A87C31D32F25D006CFB05 /* AppDelegate.h */,
				765A87C41D32F25D006CFB05 /* AppDelegate.m */,
				765A87CC1D32F25D006CFB05 /* Assets.xcassets */,
				765A87D11D32F25D006CFB05 /* Info.plist */,
				765A87CE1D32F25D006CFB05 /* LaunchScreen.storyboard */,
				765A87C91D32F25D006CFB05 /* Main.storyboard */,
				765A87C01D32F25D006CFB05 /* Supporting Files */,
				765A87C61D32F25D006CFB05 /* ViewController.h */,
				765A87C71D32F25D006CFB05 /* ViewController.m */,
				765A87E31D32FB5A006CFB05 /* CustomTableViewCell.h */,
				765A87E41D32FB5A006CFB05 /* CustomTableViewCell.m */,
			);
			path = PeerReview304_PracticeMod6;
			sourceTree = "<group>";
		};
		765A87C01D32F25D006CFB05 /* Supporting Files */ = {
			isa = PBXGroup;
			children = (
				765A87C11D32F25D006CFB05 /* main.m */,
			);
			name = "Supporting Files";
			sourceTree = "<group>";
		};
/* End PBXGroup section */

/* Begin PBXNativeTarget section */
		765A87BC1D32F25D006CFB05 /* PeerReview304_PracticeMod6 */ = {
			isa = PBXNativeTarget;
			buildConfigurationList = 765A87D41D32F25D006CFB05 /* Build configuration list for PBXNativeTarget "PeerReview304_PracticeMod6" */;
			buildPhases = (
				765A87B91D32F25D006CFB05 /* Sources */,
				765A87BA1D32F25D006CFB05 /* Frameworks */,
				765A87BB1D32F25D006CFB05 /* Resources */,
			);
			buildRules = (
			);
			dependencies = (
			);
			name = PeerReview304_PracticeMod6;
			productName = PeerReview304_PracticeMod6;
			productReference = 765A87BD1D32F25D006CFB05 /* PeerReview304_PracticeMod6.app */;
			productType = "com.apple.product-type.application";
		};
/* End PBXNativeTarget section */

/* Begin PBXProject section */
		765A87B51D32F25D006CFB05 /* Project object */ = {
			isa = PBXProject;
			attributes = {
				LastUpgradeCheck = 0720;
				ORGANIZATIONNAME = company.com;
				TargetAttributes = {
					765A87BC1D32F25D006CFB05 = {
						CreatedOnToolsVersion = 7.2;
					};
				};
			};
			buildConfigurationList = 765A87B81D32F25D006CFB05 /* Build configuration list for PBXProject "PeerReview304_PracticeMod6" */;
			compatibilityVersion = "Xcode 3.2";
			developmentRegion = English;
			hasScannedForEncodings = 0;
			knownRegions = (
				en,
				Base,
			);
			mainGroup = 765A87B41D32F25D006CFB05;
			productRefGroup = 765A87BE1D32F25D006CFB05 /* Products */;
			projectDirPath = "";
			projectRoot = "";
			targets = (
				765A87BC1D32F25D006CFB05 /* PeerReview304_PracticeMod6 */,
			);
		};
/* End PBXProject section */

/* Begin PBXResourcesBuildPhase section */
		765A87BB1D32F25D006CFB05 /* Resources */ = {
			isa = PBXResourcesBuildPhase;
			buildActionMask = 2147483647;
			files = (
				765A87D01D32F25D006CFB05 /* LaunchScreen.storyboard in Resources */,
				765A87CD1D32F25D006CFB05 /* Assets.xcassets in Resources */,
				765A87CB1D32F25D006CFB05 /* Main.storyboard in Resources */,
			);
			runOnlyForDeploymentPostprocessing = 0;
		};
/* End PBXResourcesBuildPhase section */

/* Begin PBXSourcesBuildPhase section */
		765A87B91D32F25D006CFB05 /* Sources */ = {
			isa = PBXSourcesBuildPhase;
			buildActionMask = 2147483647;
			files = (
				765A87C81D32F25D006CFB05 /* ViewController.m in Sources */,
				765A87C51D32F25D006CFB05 /* AppDelegate.m in Sources */,
				765A87E51D32FB5A006CFB05 /* CustomTableViewCell.m in Sources */,
				765A87C21D32F25D006CFB05 /* main.m in Sources */,
			);
			runOnlyForDeploymentPostprocessing = 0;
		};
/* End PBXSourcesBuildPhase section */

/* Begin PBXVariantGroup section */
		765A87C91D32F25D006CFB05 /* Main.storyboard */ = {
			isa = PBXVariantGroup;
			children = (
				765A87CA1D32F25D006CFB05 /* Base */,
			);
			name = Main.storyboard;
			sourceTree = "<group>";
		};
		765A87CE1D32F25D006CFB05 /* LaunchScreen.storyboard */ = {
			isa = PBXVariantGroup;
			children = (
				765A87CF1D32F25D006CFB05 /* Base */,
			);
			name = LaunchScreen.storyboard;
			sourceTree = "<group>";
		};
/* End PBXVariantGroup section */

/* Begin XCBuildConfiguration section */
		765A87D21D32F25D006CFB05 /* Debug */ = {
			isa = XCBuildConfiguration;
			buildSettings = {
				ALWAYS_SEARCH_USER_PATHS = NO;
				CLANG_CXX_LANGUAGE_STANDARD = "gnu++0x";
				CLANG_CXX_LIBRARY = "libc++";
				CLANG_ENABLE_MODULES = YES;
				CLANG_ENABLE_OBJC_ARC = YES;
				CLANG_WARN_BOOL_CONVERSION = YES;
				CLANG_WARN_CONSTANT_CONVERSION = YES;
				CLANG_WARN_DIRECT_OBJC_ISA_USAGE = YES_ERROR;
				CLANG_WARN_EMPTY_BODY = YES;
				CLANG_WARN_ENUM_CONVERSION = YES;
				CLANG_WARN_INT_CONVERSION = YES;
				CLANG_WARN_OBJC_ROOT_CLASS = YES_ERROR;
				CLANG_WARN_UNREACHABLE_CODE = YES;
				CLANG_WARN__DUPLICATE_METHOD_MATCH = YES;
				"CODE_SIGN_IDENTITY[sdk=iphoneos*]" = "iPhone Developer";
				COPY_PHASE_STRIP = NO;
				DEBUG_INFORMATION_FORMAT = dwarf;
				ENABLE_STRICT_OBJC_MSGSEND = YES;
				ENABLE_TESTABILITY = YES;
				GCC_C_LANGUAGE_STANDARD = gnu99;
				GCC_DYNAMIC_NO_PIC = NO;
				GCC_NO_COMMON_BLOCKS = YES;
				GCC_OPTIMIZATION_LEVEL = 0;
				GCC_PREPROCESSOR_DEFINITIONS = (
					"DEBUG=1",
					"$(inherited)",
				);
				GCC_WARN_64_TO_32_BIT_CONVERSION = YES;
				GCC_WARN_ABOUT_RETURN_TYPE = YES_ERROR;
				GCC_WARN_UNDECLARED_SELECTOR = YES;
				GCC_WARN_UNINITIALIZED_AUTOS = YES_AGGRESSIVE;
				GCC_WARN_UNUSED_FUNCTION = YES;
				GCC_WARN_UNUSED_VARIABLE = YES;
				IPHONEOS_DEPLOYMENT_TARGET = 9.2;
				MTL_ENABLE_DEBUG_INFO = YES;
				ONLY_ACTIVE_ARCH = YES;
				SDKROOT = iphoneos;
				TARGETED_DEVICE_FAMILY = "1,2";
			};
			name = Debug;
		};
		765A87D31D32F25D006CFB05 /* Release */ = {
			isa = XCBuildConfiguration;
			buildSettings = {
				ALWAYS_SEARCH_USER_PATHS = NO;
				CLANG_CXX_LANGUAGE_STANDARD = "gnu++0x";
				CLANG_CXX_LIBRARY = "libc++";
				CLANG_ENABLE_MODULES = YES;
				CLANG_ENABLE_OBJC_ARC = YES;
				CLANG_WARN_BOOL_CONVERSION = YES;
				CLANG_WARN_CONSTANT_CONVERSION = YES;
				CLANG_WARN_DIRECT_OBJC_ISA_USAGE = YES_ERROR;
				CLANG_WARN_EMPTY_BODY = YES;
				CLANG_WARN_ENUM_CONVERSION = YES;
				CLANG_WARN_INT_CONVERSION = YES;
				CLANG_WARN_OBJC_ROOT_CLASS = YES_ERROR;
				CLANG_WARN_UNREACHABLE_CODE = YES;
				CLANG_WARN__DUPLICATE_METHOD_MATCH = YES;
				"CODE_SIGN_IDENTITY[sdk=iphoneos*]" = "iPhone Developer";
				COPY_PHASE_STRIP = NO;
				DEBUG_INFORMATION_FORMAT = "dwarf-with-dsym";
				ENABLE_NS_ASSERTIONS = NO;
				ENABLE_STRICT_OBJC_MSGSEND = YES;
				GCC_C_LANGUAGE_STANDARD = gnu99;
				GCC_NO_COMMON_BLOCKS = YES;
				GCC_WARN_64_TO_32_BIT_CONVERSION = YES;
				GCC_WARN_ABOUT_RETURN_TYPE = YES_ERROR;
				GCC_WARN_UNDECLARED_SELECTOR = YES;
				GCC_WARN_UNINITIALIZED_AUTOS = YES_AGGRESSIVE;
				GCC_WARN_UNUSED_FUNCTION = YES;
				GCC_WARN_UNUSED_VARIABLE = YES;
				IPHONEOS_DEPLOYMENT_TARGET = 9.2;
				MTL_ENABLE_DEBUG_INFO = NO;
				SDKROOT = iphoneos;
				TARGETED_DEVICE_FAMILY = "1,2";
				VALIDATE_PRODUCT = YES;
			};
			name = Release;
		};
		765A87D51D32F25D006CFB05 /* Debug */ = {
			isa = XCBuildConfiguration;
			buildSettings = {
				ASSETCATALOG_COMPILER_APPICON_NAME = AppIcon;
				INFOPLIST_FILE = PeerReview304_PracticeMod6/Info.plist;
				LD_RUNPATH_SEARCH_PATHS = "$(inherited) @executable_path/Frameworks";
				PRODUCT_BUNDLE_IDENTIFIER = "com.company.PeerReview304-PracticeMod6";
				PRODUCT_NAME = "$(TARGET_NAME)";
			};
			name = Debug;
		};
		765A87D61D32F25D006CFB05 /* Release */ = {
			isa = XCBuildConfiguration;
			buildSettings = {
				ASSETCATALOG_COMPILER_APPICON_NAME = AppIcon;
				INFOPLIST_FILE = PeerReview304_PracticeMod6/Info.plist;
				LD_RUNPATH_SEARCH_PATHS = "$(inherited) @executable_path/Frameworks";
				PRODUCT_BUNDLE_IDENTIFIER = "com.company.PeerReview304-PracticeMod6";
				PRODUCT_NAME = "$(TARGET_NAME)";
			};
			name = Release;
		};
/* End XCBuildConfiguration section */

/* Begin XCConfigurationList section */
		765A87B81D32F25D006CFB05 /* Build configuration list for PBXProject "PeerReview304_PracticeMod6" */ = {
			isa = XCConfigurationList;
			buildConfigurations = (
				765A87D21D32F25D006CFB05 /* Debug */,
				765A87D31D32F25D006CFB05 /* Release */,
			);
			defaultConfigurationIsVisible = 0;
			defaultConfigurationName = Release;
		};
		765A87D41D32F25D006CFB05 /* Build configuration list for PBXNativeTarget "PeerReview304_PracticeMod6" */ = {
			isa = XCConfigurationList;
			buildConfigurations = (
				765A87D51D32F25D006CFB05 /* Debug */,
				765A87D61D32F25D006CFB05 /* Release */,
			);
			defaultConfigurationIsVisible = 0;
			defaultConfigurationName = Release;
		};
/* End XCConfigurationList section */
	};
	rootObject = 765A87B51D32F25D006CFB05 /* Project object */;
}
